
Microsoft Visual Studio Solution File, Format Version 12.00
# Visual Studio 15
VisualStudioVersion = 15.0.28307.1622
MinimumVisualStudioVersion = 10.0.40219.1
Project("{FAE04EC0-301F-11D3-BF4B-00C04F79EFBC}") = "Laboras{1}}}}", "Laboras{1}}}}\Laboras{1}}}}.csproj", "{B9045AC1-21BC-4F0A-ACF8-C1BF1838F361}"
EndProject
Global
	GlobalSection(SolutionConfigurationPlatforms) = preSolution
		Debug|Any CPU = Debug|Any CPU
		Release|Any CPU = Release|Any CPU
	EndGlobalSection
	GlobalSection(ProjectConfigurationPlatforms) = postSolution
		{B9045AC1-21BC-4F0A-ACF8-C1BF1838F361}.Debug|Any CPU.ActiveCfg = Debug|Any CPU
		{B9045AC1-21BC-4F0A-ACF8-C1BF1838F361}.Debug|Any CPU.Build.0 = Debug|Any CPU
		{B9045AC1-21BC-4F0A-ACF8-C1BF1838F361}.Release|Any CPU.ActiveCfg = Release|Any CPU
		{B9045AC1-21BC-4F0A-ACF8-C1BF1838F361}.Release|Any CPU.Build.0 = Release|Any CPU
	EndGlobalSection
	GlobalSection(SolutionProperties) = preSolution
		HideSolutionNode = FALSE
	EndGlobalSection
	GlobalSection(ExtensibilityGlobals) = postSolution
		SolutionGuid = {1F932247-54C3-4780-AA63-2DFECD4744A5}
	EndGlobalSection
EndGlobal
