
Microsoft Visual Studio Solution File, Format Version 12.00
# Visual Studio 15
VisualStudioVersion = 15.0.28307.1622
MinimumVisualStudioVersion = 10.0.40219.1
Project("{FAE04EC0-301F-11D3-BF4B-00C04F79EFBC}") = "P4lab", "P4lab\P4lab.csproj", "{F33B1AC7-CE9A-473B-A2E4-575B2AAFB573}"
EndProject
Global
	GlobalSection(SolutionConfigurationPlatforms) = preSolution
		Debug|Any CPU = Debug|Any CPU
		Release|Any CPU = Release|Any CPU
	EndGlobalSection
	GlobalSection(ProjectConfigurationPlatforms) = postSolution
		{F33B1AC7-CE9A-473B-A2E4-575B2AAFB573}.Debug|Any CPU.ActiveCfg = Debug|Any CPU
		{F33B1AC7-CE9A-473B-A2E4-575B2AAFB573}.Debug|Any CPU.Build.0 = Debug|Any CPU
		{F33B1AC7-CE9A-473B-A2E4-575B2AAFB573}.Release|Any CPU.ActiveCfg = Release|Any CPU
		{F33B1AC7-CE9A-473B-A2E4-575B2AAFB573}.Release|Any CPU.Build.0 = Release|Any CPU
	EndGlobalSection
	GlobalSection(SolutionProperties) = preSolution
		HideSolutionNode = FALSE
	EndGlobalSection
	GlobalSection(ExtensibilityGlobals) = postSolution
		SolutionGuid = {197D1723-9681-4A7F-AACD-E5289B4CFB9C}
	EndGlobalSection
EndGlobal
